
Microsoft Visual Studio Solution File, Format Version 11.00
# Visual Studio 2010
Project("{54435603-DBB4-11D2-8724-00A0C9A8B90C}") = "MinerT-Installer-Fresh", "MinerT-Installer-Fresh\MinerT-Installer-Fresh.vdproj", "{75844614-AE6E-4EEC-9737-584E0FD9FCC7}"
EndProject
Global
	GlobalSection(SolutionConfigurationPlatforms) = preSolution
		Debug|Default = Debug|Default
		Release|Default = Release|Default
	EndGlobalSection
	GlobalSection(ProjectConfigurationPlatforms) = postSolution
		{75844614-AE6E-4EEC-9737-584E0FD9FCC7}.Debug|Default.ActiveCfg = Debug
		{75844614-AE6E-4EEC-9737-584E0FD9FCC7}.Debug|Default.Build.0 = Debug
		{75844614-AE6E-4EEC-9737-584E0FD9FCC7}.Release|Default.ActiveCfg = Release
		{75844614-AE6E-4EEC-9737-584E0FD9FCC7}.Release|Default.Build.0 = Release
	EndGlobalSection
	GlobalSection(SolutionProperties) = preSolution
		HideSolutionNode = FALSE
	EndGlobalSection
EndGlobal
